
Microsoft Visual Studio Solution File, Format Version 12.00
Project("{FAE04EC0-301F-11D3-BF4B-00C04F79EFBC}") = "ChatApp", "ChatApp.csproj", "{CD242F53-BEB6-40B9-8221-8E601E1C59FF}"
EndProject
Global
	GlobalSection(SolutionConfigurationPlatforms) = preSolution
		Debug|Any CPU = Debug|Any CPU
		Release|Any CPU = Release|Any CPU
	EndGlobalSection
	GlobalSection(ProjectConfigurationPlatforms) = postSolution
		{CD242F53-BEB6-40B9-8221-8E601E1C59FF}.Debug|Any CPU.ActiveCfg = Debug|Any CPU
		{CD242F53-BEB6-40B9-8221-8E601E1C59FF}.Debug|Any CPU.Build.0 = Debug|Any CPU
		{CD242F53-BEB6-40B9-8221-8E601E1C59FF}.Release|Any CPU.ActiveCfg = Release|Any CPU
		{CD242F53-BEB6-40B9-8221-8E601E1C59FF}.Release|Any CPU.Build.0 = Release|Any CPU
	EndGlobalSection
EndGlobal
